// !$*UTF8*$!
{
	archiveVersion = 1;
	classes = {
	};
	objectVersion = 50;
	objects = {

/* Begin PBXBuildFile section */
		645DA4863A068501F119A1DF /* Pods_firebase_sample.framework in Frameworks */ = {isa = PBXBuildFile; fileRef = 6E656ACF5D16B605BCEBD5D1 /* Pods_firebase_sample.framework */; };
		AFDD17CD247C0A490061CC34 /* AppDelegate.swift in Sources */ = {isa = PBXBuildFile; fileRef = AFDD17CC247C0A490061CC34 /* AppDelegate.swift */; };
		AFDD17CF247C0A490061CC34 /* SceneDelegate.swift in Sources */ = {isa = PBXBuildFile; fileRef = AFDD17CE247C0A490061CC34 /* SceneDelegate.swift */; };
		AFDD17D1247C0A490061CC34 /* ViewController.swift in Sources */ = {isa = PBXBuildFile; fileRef = AFDD17D0247C0A490061CC34 /* ViewController.swift */; };
		AFDD17D4247C0A490061CC34 /* Main.storyboard in Resources */ = {isa = PBXBuildFile; fileRef = AFDD17D2247C0A490061CC34 /* Main.storyboard */; };
		AFDD17D6247C0A490061CC34 /* Assets.xcassets in Resources */ = {isa = PBXBuildFile; fileRef = AFDD17D5247C0A490061CC34 /* Assets.xcassets */; };
		AFDD17D9247C0A490061CC34 /* LaunchScreen.storyboard in Resources */ = {isa = PBXBuildFile; fileRef = AFDD17D7247C0A490061CC34 /* LaunchScreen.storyboard */; };
/* End PBXBuildFile section */

/* Begin PBXFileReference section */
		6E656ACF5D16B605BCEBD5D1 /* Pods_firebase_sample.framework */ = {isa = PBXFileReference; explicitFileType = wrapper.framework; includeInIndex = 0; path = Pods_firebase_sample.framework; sourceTree = BUILT_PRODUCTS_DIR; };
		893F554A8BFC47E238BC36D0 /* Pods-firebase-sample.debug.xcconfig */ = {isa = PBXFileReference; includeInIndex = 1; lastKnownFileType = text.xcconfig; name = "Pods-firebase-sample.debug.xcconfig"; path = "Target Support Files/Pods-firebase-sample/Pods-firebase-sample.debug.xcconfig"; sourceTree = "<group>"; };
		AFDD17C9247C0A480061CC34 /* firebase-sample.app */ = {isa = PBXFileReference; explicitFileType = wrapper.application; includeInIndex = 0; path = "firebase-sample.app"; sourceTree = BUILT_PRODUCTS_DIR; };
		AFDD17CC247C0A490061CC34 /* AppDelegate.swift */ = {isa = PBXFileReference; lastKnownFileType = sourcecode.swift; path = AppDelegate.swift; sourceTree = "<group>"; };
		AFDD17CE247C0A490061CC34 /* SceneDelegate.swift */ = {isa = PBXFileReference; lastKnownFileType = sourcecode.swift; path = SceneDelegate.swift; sourceTree = "<group>"; };
		AFDD17D0247C0A490061CC34 /* ViewController.swift */ = {isa = PBXFileReference; lastKnownFileType = sourcecode.swift; path = ViewController.swift; sourceTree = "<group>"; };
		AFDD17D3247C0A490061CC34 /* Base */ = {isa = PBXFileReference; lastKnownFileType = file.storyboard; name = Base; path = Base.lproj/Main.storyboard; sourceTree = "<group>"; };
		AFDD17D5247C0A490061CC34 /* Assets.xcassets */ = {isa = PBXFileReference; lastKnownFileType = folder.assetcatalog; path = Assets.xcassets; sourceTree = "<group>"; };
		AFDD17D8247C0A490061CC34 /* Base */ = {isa = PBXFileReference; lastKnownFileType = file.storyboard; name = Base; path = Base.lproj/LaunchScreen.storyboard; sourceTree = "<group>"; };
		AFDD17DA247C0A490061CC34 /* Info.plist */ = {isa = PBXFileReference; lastKnownFileType = text.plist.xml; path = Info.plist; sourceTree = "<group>"; };
		EFD81CC6BC2868BB08A01E93 /* Pods-firebase-sample.release.xcconfig */ = {isa = PBXFileReference; includeInIndex = 1; lastKnownFileType = text.xcconfig; name = "Pods-firebase-sample.release.xcconfig"; path = "Target Support Files/Pods-firebase-sample/Pods-firebase-sample.release.xcconfig"; sourceTree = "<group>"; };
/* End PBXFileReference section */

/* Begin PBXFrameworksBuildPhase section */
		AFDD17C6247C0A480061CC34 /* Frameworks */ = {
			isa = PBXFrameworksBuildPhase;
			buildActionMask = 2147483647;
			files = (
				645DA4863A068501F119A1DF /* Pods_firebase_sample.framework in Frameworks */,
			);
			runOnlyForDeploymentPostprocessing = 0;
		};
/* End PBXFrameworksBuildPhase section */

/* Begin PBXGroup section */
		491C151EE1FFA09290398811 /* Frameworks */ = {
			isa = PBXGroup;
			children = (
				6E656ACF5D16B605BCEBD5D1 /* Pods_firebase_sample.framework */,
			);
			name = Frameworks;
			sourceTree = "<group>";
		};
		5B48D82109814B8DF9392F08 /* Pods */ = {
			isa = PBXGroup;
			children = (
				893F554A8BFC47E238BC36D0 /* Pods-firebase-sample.debug.xcconfig */,
				EFD81CC6BC2868BB08A01E93 /* Pods-firebase-sample.release.xcconfig */,
			);
			name = Pods;
			path = Pods;
			sourceTree = "<group>";
		};
		AFDD17C0247C0A480061CC34 = {
			isa = PBXGroup;
			children = (
				AFDD17CB247C0A490061CC34 /* firebase-sample */,
				AFDD17CA247C0A480061CC34 /* Products */,
				5B48D82109814B8DF9392F08 /* Pods */,
				491C151EE1FFA09290398811 /* Frameworks */,
			);
			sourceTree = "<group>";
		};
		AFDD17CA247C0A480061CC34 /* Products */ = {
			isa = PBXGroup;
			children = (
				AFDD17C9247C0A480061CC34 /* firebase-sample.app */,
			);
			name = Products;
			sourceTree = "<group>";
		};
		AFDD17CB247C0A490061CC34 /* firebase-sample */ = {
			isa = PBXGroup;
			children = (
				AFDD17CC247C0A490061CC34 /* AppDelegate.swift */,
				AFDD17CE247C0A490061CC34 /* SceneDelegate.swift */,
				AFDD17D0247C0A490061CC34 /* ViewController.swift */,
				AFDD17D2247C0A490061CC34 /* Main.storyboard */,
				AFDD17D5247C0A490061CC34 /* Assets.xcassets */,
				AFDD17D7247C0A490061CC34 /* LaunchScreen.storyboard */,
				AFDD17DA247C0A490061CC34 /* Info.plist */,
			);
			path = "firebase-sample";
			sourceTree = "<group>";
		};
/* End PBXGroup section */

/* Begin PBXNativeTarget section */
		AFDD17C8247C0A480061CC34 /* firebase-sample */ = {
			isa = PBXNativeTarget;
			buildConfigurationList = AFDD17DD247C0A490061CC34 /* Build configuration list for PBXNativeTarget "firebase-sample" */;
			buildPhases = (
				432F687B7AFF4431F54D420E /* [CP] Check Pods Manifest.lock */,
				AFDD17C5247C0A480061CC34 /* Sources */,
				AFDD17C6247C0A480061CC34 /* Frameworks */,
				AFDD17C7247C0A480061CC34 /* Resources */,
				8802B9356746AFFD5426B1A2 /* [CP] Embed Pods Frameworks */,
			);
			buildRules = (
			);
			dependencies = (
			);
			name = "firebase-sample";
			productName = "firebase-sample";
			productReference = AFDD17C9247C0A480061CC34 /* firebase-sample.app */;
			productType = "com.apple.product-type.application";
		};
/* End PBXNativeTarget section */

/* Begin PBXProject section */
		AFDD17C1247C0A480061CC34 /* Project object */ = {
			isa = PBXProject;
			attributes = {
				LastSwiftUpdateCheck = 1150;
				LastUpgradeCheck = 1150;
				ORGANIZATIONNAME = beakhand;
				TargetAttributes = {
					AFDD17C8247C0A480061CC34 = {
						CreatedOnToolsVersion = 11.5;
					};
				};
			};
			buildConfigurationList = AFDD17C4247C0A480061CC34 /* Build configuration list for PBXProject "firebase-sample" */;
			compatibilityVersion = "Xcode 9.3";
			developmentRegion = en;
			hasScannedForEncodings = 0;
			knownRegions = (
				en,
				Base,
			);
			mainGroup = AFDD17C0247C0A480061CC34;
			productRefGroup = AFDD17CA247C0A480061CC34 /* Products */;
			projectDirPath = "";
			projectRoot = "";
			targets = (
				AFDD17C8247C0A480061CC34 /* firebase-sample */,
			);
		};
/* End PBXProject section */

/* Begin PBXResourcesBuildPhase section */
		AFDD17C7247C0A480061CC34 /* Resources */ = {
			isa = PBXResourcesBuildPhase;
			buildActionMask = 2147483647;
			files = (
				AFDD17D9247C0A490061CC34 /* LaunchScreen.storyboard in Resources */,
				AFDD17D6247C0A490061CC34 /* Assets.xcassets in Resources */,
				AFDD17D4247C0A490061CC34 /* Main.storyboard in Resources */,
			);
			runOnlyForDeploymentPostprocessing = 0;
		};
/* End PBXResourcesBuildPhase section */

/* Begin PBXShellScriptBuildPhase section */
		432F687B7AFF4431F54D420E /* [CP] Check Pods Manifest.lock */ = {
			isa = PBXShellScriptBuildPhase;
			buildActionMask = 2147483647;
			files = (
			);
			inputFileListPaths = (
			);
			inputPaths = (
				"${PODS_PODFILE_DIR_PATH}/Podfile.lock",
				"${PODS_ROOT}/Manifest.lock",
			);
			name = "[CP] Check Pods Manifest.lock";
			outputFileListPaths = (
			);
			outputPaths = (
				"$(DERIVED_FILE_DIR)/Pods-firebase-sample-checkManifestLockResult.txt",
			);
			runOnlyForDeploymentPostprocessing = 0;
			shellPath = /bin/sh;
			shellScript = "diff \"${PODS_PODFILE_DIR_PATH}/Podfile.lock\" \"${PODS_ROOT}/Manifest.lock\" > /dev/null\nif [ $? != 0 ] ; then\n    # print error to STDERR\n    echo \"error: The sandbox is not in sync with the Podfile.lock. Run 'pod install' or update your CocoaPods installation.\" >&2\n    exit 1\nfi\n# This output is used by Xcode 'outputs' to avoid re-running this script phase.\necho \"SUCCESS\" > \"${SCRIPT_OUTPUT_FILE_0}\"\n";
			showEnvVarsInLog = 0;
		};
		8802B9356746AFFD5426B1A2 /* [CP] Embed Pods Frameworks */ = {
			isa = PBXShellScriptBuildPhase;
			buildActionMask = 2147483647;
			files = (
			);
			inputFileListPaths = (
				"${PODS_ROOT}/Target Support Files/Pods-firebase-sample/Pods-firebase-sample-frameworks-${CONFIGURATION}-input-files.xcfilelist",
			);
			name = "[CP] Embed Pods Frameworks";
			outputFileListPaths = (
				"${PODS_ROOT}/Target Support Files/Pods-firebase-sample/Pods-firebase-sample-frameworks-${CONFIGURATION}-output-files.xcfilelist",
			);
			runOnlyForDeploymentPostprocessing = 0;
			shellPath = /bin/sh;
			shellScript = "\"${PODS_ROOT}/Target Support Files/Pods-firebase-sample/Pods-firebase-sample-frameworks.sh\"\n";
			showEnvVarsInLog = 0;
		};
/* End PBXShellScriptBuildPhase section */

/* Begin PBXSourcesBuildPhase section */
		AFDD17C5247C0A480061CC34 /* Sources */ = {
			isa = PBXSourcesBuildPhase;
			buildActionMask = 2147483647;
			files = (
				AFDD17D1247C0A490061CC34 /* ViewController.swift in Sources */,
				AFDD17CD247C0A490061CC34 /* AppDelegate.swift in Sources */,
				AFDD17CF247C0A490061CC34 /* SceneDelegate.swift in Sources */,
			);
			runOnlyForDeploymentPostprocessing = 0;
		};
/* End PBXSourcesBuildPhase section */

/* Begin PBXVariantGroup section */
		AFDD17D2247C0A490061CC34 /* Main.storyboard */ = {
			isa = PBXVariantGroup;
			children = (
				AFDD17D3247C0A490061CC34 /* Base */,
			);
			name = Main.storyboard;
			sourceTree = "<group>";
		};
		AFDD17D7247C0A490061CC34 /* LaunchScreen.storyboard */ = {
			isa = PBXVariantGroup;
			children = (
				AFDD17D8247C0A490061CC34 /* Base */,
			);
			name = LaunchScreen.storyboard;
			sourceTree = "<group>";
		};
/* End PBXVariantGroup section */

/* Begin XCBuildConfiguration section */
		AFDD17DB247C0A490061CC34 /* Debug */ = {
			isa = XCBuildConfiguration;
			buildSettings = {
				ALWAYS_SEARCH_USER_PATHS = NO;
				CLANG_ANALYZER_NONNULL = YES;
				CLANG_ANALYZER_NUMBER_OBJECT_CONVERSION = YES_AGGRESSIVE;
				CLANG_CXX_LANGUAGE_STANDARD = "gnu++14";
				CLANG_CXX_LIBRARY = "libc++";
				CLANG_ENABLE_MODULES = YES;
				CLANG_ENABLE_OBJC_ARC = YES;
				CLANG_ENABLE_OBJC_WEAK = YES;
				CLANG_WARN_BLOCK_CAPTURE_AUTORELEASING = YES;
				CLANG_WARN_BOOL_CONVERSION = YES;
				CLANG_WARN_COMMA = YES;
				CLANG_WARN_CONSTANT_CONVERSION = YES;
				CLANG_WARN_DEPRECATED_OBJC_IMPLEMENTATIONS = YES;
				CLANG_WARN_DIRECT_OBJC_ISA_USAGE = YES_ERROR;
				CLANG_WARN_DOCUMENTATION_COMMENTS = YES;
				CLANG_WARN_EMPTY_BODY = YES;
				CLANG_WARN_ENUM_CONVERSION = YES;
				CLANG_WARN_INFINITE_RECURSION = YES;
				CLANG_WARN_INT_CONVERSION = YES;
				CLANG_WARN_NON_LITERAL_NULL_CONVERSION = YES;
				CLANG_WARN_OBJC_IMPLICIT_RETAIN_SELF = YES;
				CLANG_WARN_OBJC_LITERAL_CONVERSION = YES;
				CLANG_WARN_OBJC_ROOT_CLASS = YES_ERROR;
				CLANG_WARN_RANGE_LOOP_ANALYSIS = YES;
				CLANG_WARN_STRICT_PROTOTYPES = YES;
				CLANG_WARN_SUSPICIOUS_MOVE = YES;
				CLANG_WARN_UNGUARDED_AVAILABILITY = YES_AGGRESSIVE;
				CLANG_WARN_UNREACHABLE_CODE = YES;
				CLANG_WARN__DUPLICATE_METHOD_MATCH = YES;
				COPY_PHASE_STRIP = NO;
				DEBUG_INFORMATION_FORMAT = dwarf;
				ENABLE_STRICT_OBJC_MSGSEND = YES;
				ENABLE_TESTABILITY = YES;
				GCC_C_LANGUAGE_STANDARD = gnu11;
				GCC_DYNAMIC_NO_PIC = NO;
				GCC_NO_COMMON_BLOCKS = YES;
				GCC_OPTIMIZATION_LEVEL = 0;
				GCC_PREPROCESSOR_DEFINITIONS = (
					"DEBUG=1",
					"$(inherited)",
				);
				GCC_WARN_64_TO_32_BIT_CONVERSION = YES;
				GCC_WARN_ABOUT_RETURN_TYPE = YES_ERROR;
				GCC_WARN_UNDECLARED_SELECTOR = YES;
				GCC_WARN_UNINITIALIZED_AUTOS = YES_AGGRESSIVE;
				GCC_WARN_UNUSED_FUNCTION = YES;
				GCC_WARN_UNUSED_VARIABLE = YES;
				IPHONEOS_DEPLOYMENT_TARGET = 13.5;
				MTL_ENABLE_DEBUG_INFO = INCLUDE_SOURCE;
				MTL_FAST_MATH = YES;
				ONLY_ACTIVE_ARCH = YES;
				SDKROOT = iphoneos;
				SWIFT_ACTIVE_COMPILATION_CONDITIONS = DEBUG;
				SWIFT_OPTIMIZATION_LEVEL = "-Onone";
			};
			name = Debug;
		};
		AFDD17DC247C0A490061CC34 /* Release */ = {
			isa = XCBuildConfiguration;
			buildSettings = {
				ALWAYS_SEARCH_USER_PATHS = NO;
				CLANG_ANALYZER_NONNULL = YES;
				CLANG_ANALYZER_NUMBER_OBJECT_CONVERSION = YES_AGGRESSIVE;
				CLANG_CXX_LANGUAGE_STANDARD = "gnu++14";
				CLANG_CXX_LIBRARY = "libc++";
				CLANG_ENABLE_MODULES = YES;
				CLANG_ENABLE_OBJC_ARC = YES;
				CLANG_ENABLE_OBJC_WEAK = YES;
				CLANG_WARN_BLOCK_CAPTURE_AUTORELEASING = YES;
				CLANG_WARN_BOOL_CONVERSION = YES;
				CLANG_WARN_COMMA = YES;
				CLANG_WARN_CONSTANT_CONVERSION = YES;
				CLANG_WARN_DEPRECATED_OBJC_IMPLEMENTATIONS = YES;
				CLANG_WARN_DIRECT_OBJC_ISA_USAGE = YES_ERROR;
				CLANG_WARN_DOCUMENTATION_COMMENTS = YES;
				CLANG_WARN_EMPTY_BODY = YES;
				CLANG_WARN_ENUM_CONVERSION = YES;
				CLANG_WARN_INFINITE_RECURSION = YES;
				CLANG_WARN_INT_CONVERSION = YES;
				CLANG_WARN_NON_LITERAL_NULL_CONVERSION = YES;
				CLANG_WARN_OBJC_IMPLICIT_RETAIN_SELF = YES;
				CLANG_WARN_OBJC_LITERAL_CONVERSION = YES;
				CLANG_WARN_OBJC_ROOT_CLASS = YES_ERROR;
				CLANG_WARN_RANGE_LOOP_ANALYSIS = YES;
				CLANG_WARN_STRICT_PROTOTYPES = YES;
				CLANG_WARN_SUSPICIOUS_MOVE = YES;
				CLANG_WARN_UNGUARDED_AVAILABILITY = YES_AGGRESSIVE;
				CLANG_WARN_UNREACHABLE_CODE = YES;
				CLANG_WARN__DUPLICATE_METHOD_MATCH = YES;
				COPY_PHASE_STRIP = NO;
				DEBUG_INFORMATION_FORMAT = "dwarf-with-dsym";
				ENABLE_NS_ASSERTIONS = NO;
				ENABLE_STRICT_OBJC_MSGSEND = YES;
				GCC_C_LANGUAGE_STANDARD = gnu11;
				GCC_NO_COMMON_BLOCKS = YES;
				GCC_WARN_64_TO_32_BIT_CONVERSION = YES;
				GCC_WARN_ABOUT_RETURN_TYPE = YES_ERROR;
				GCC_WARN_UNDECLARED_SELECTOR = YES;
				GCC_WARN_UNINITIALIZED_AUTOS = YES_AGGRESSIVE;
				GCC_WARN_UNUSED_FUNCTION = YES;
				GCC_WARN_UNUSED_VARIABLE = YES;
				IPHONEOS_DEPLOYMENT_TARGET = 13.5;
				MTL_ENABLE_DEBUG_INFO = NO;
				MTL_FAST_MATH = YES;
				SDKROOT = iphoneos;
				SWIFT_COMPILATION_MODE = wholemodule;
				SWIFT_OPTIMIZATION_LEVEL = "-O";
				VALIDATE_PRODUCT = YES;
			};
			name = Release;
		};
		AFDD17DE247C0A490061CC34 /* Debug */ = {
			isa = XCBuildConfiguration;
			baseConfigurationReference = 893F554A8BFC47E238BC36D0 /* Pods-firebase-sample.debug.xcconfig */;
			buildSettings = {
				ASSETCATALOG_COMPILER_APPICON_NAME = AppIcon;
				CODE_SIGN_STYLE = Automatic;
				DEVELOPMENT_TEAM = 5DBB9P46DP;
				INFOPLIST_FILE = "firebase-sample/Info.plist";
				LD_RUNPATH_SEARCH_PATHS = (
					"$(inherited)",
					"@executable_path/Frameworks",
				);
				PRODUCT_BUNDLE_IDENTIFIER = "com.beakhand.firebase-sample";
				PRODUCT_NAME = "$(TARGET_NAME)";
				SWIFT_VERSION = 5.0;
				TARGETED_DEVICE_FAMILY = "1,2";
			};
			name = Debug;
		};
		AFDD17DF247C0A490061CC34 /* Release */ = {
			isa = XCBuildConfiguration;
			baseConfigurationReference = EFD81CC6BC2868BB08A01E93 /* Pods-firebase-sample.release.xcconfig */;
			buildSettings = {
				ASSETCATALOG_COMPILER_APPICON_NAME = AppIcon;
				CODE_SIGN_STYLE = Automatic;
				DEVELOPMENT_TEAM = 5DBB9P46DP;
				INFOPLIST_FILE = "firebase-sample/Info.plist";
				LD_RUNPATH_SEARCH_PATHS = (
					"$(inherited)",
					"@executable_path/Frameworks",
				);
				PRODUCT_BUNDLE_IDENTIFIER = "com.beakhand.firebase-sample";
				PRODUCT_NAME = "$(TARGET_NAME)";
				SWIFT_VERSION = 5.0;
				TARGETED_DEVICE_FAMILY = "1,2";
			};
			name = Release;
		};
/* End XCBuildConfiguration section */

/* Begin XCConfigurationList section */
		AFDD17C4247C0A480061CC34 /* Build configuration list for PBXProject "firebase-sample" */ = {
			isa = XCConfigurationList;
			buildConfigurations = (
				AFDD17DB247C0A490061CC34 /* Debug */,
				AFDD17DC247C0A490061CC34 /* Release */,
			);
			defaultConfigurationIsVisible = 0;
			defaultConfigurationName = Release;
		};
		AFDD17DD247C0A490061CC34 /* Build configuration list for PBXNativeTarget "firebase-sample" */ = {
			isa = XCConfigurationList;
			buildConfigurations = (
				AFDD17DE247C0A490061CC34 /* Debug */,
				AFDD17DF247C0A490061CC34 /* Release */,
			);
			defaultConfigurationIsVisible = 0;
			defaultConfigurationName = Release;
		};
/* End XCConfigurationList section */
	};
	rootObject = AFDD17C1247C0A480061CC34 /* Project object */;
}
